
Microsoft Visual Studio Solution File, Format Version 12.00
Project("{FAE04EC0-301F-11D3-BF4B-00C04F79EFBC}") = "airportTicketBooking", "airportTicketBooking\airportTicketBooking.csproj", "{592F702C-0D06-465A-BA3B-0EDC04674DD3}"
EndProject
Project("{FAE04EC0-301F-11D3-BF4B-00C04F79EFBC}") = "airportTicketBooking.Tests", "airportTicketBooking.Tests\airportTicketBooking.Tests.csproj", "{0C64E494-F9DF-43C9-BDC9-BC0EB6C9B905}"
EndProject
Global
	GlobalSection(SolutionConfigurationPlatforms) = preSolution
		Debug|Any CPU = Debug|Any CPU
		Release|Any CPU = Release|Any CPU
	EndGlobalSection
	GlobalSection(ProjectConfigurationPlatforms) = postSolution
		{592F702C-0D06-465A-BA3B-0EDC04674DD3}.Debug|Any CPU.ActiveCfg = Debug|Any CPU
		{592F702C-0D06-465A-BA3B-0EDC04674DD3}.Debug|Any CPU.Build.0 = Debug|Any CPU
		{592F702C-0D06-465A-BA3B-0EDC04674DD3}.Release|Any CPU.ActiveCfg = Release|Any CPU
		{592F702C-0D06-465A-BA3B-0EDC04674DD3}.Release|Any CPU.Build.0 = Release|Any CPU
		{0C64E494-F9DF-43C9-BDC9-BC0EB6C9B905}.Debug|Any CPU.ActiveCfg = Debug|Any CPU
		{0C64E494-F9DF-43C9-BDC9-BC0EB6C9B905}.Debug|Any CPU.Build.0 = Debug|Any CPU
		{0C64E494-F9DF-43C9-BDC9-BC0EB6C9B905}.Release|Any CPU.ActiveCfg = Release|Any CPU
		{0C64E494-F9DF-43C9-BDC9-BC0EB6C9B905}.Release|Any CPU.Build.0 = Release|Any CPU
	EndGlobalSection
EndGlobal
